Microsoft Visual Studio Solution File, Format Version 12.00
# Visual Studio Version 17
VisualStudioVersion = 17.5.2.0
MinimumVisualStudioVersion = 10.0.40219.1
Project("{FAE04EC0-301F-11D3-BF4B-00C04F79EFBC}") = "makarony", "makarony\makarony.csproj", "{EA26E7C4-4A01-C61B-F73E-5194BECF0F56}"
EndProject
Global
	GlobalSection(SolutionConfigurationPlatforms) = preSolution
		Debug|Any CPU = Debug|Any CPU
		Release|Any CPU = Release|Any CPU
	EndGlobalSection
	GlobalSection(ProjectConfigurationPlatforms) = postSolution
		{EA26E7C4-4A01-C61B-F73E-5194BECF0F56}.Debug|Any CPU.ActiveCfg = Debug|Any CPU
		{EA26E7C4-4A01-C61B-F73E-5194BECF0F56}.Debug|Any CPU.Build.0 = Debug|Any CPU
		{EA26E7C4-4A01-C61B-F73E-5194BECF0F56}.Release|Any CPU.ActiveCfg = Release|Any CPU
		{EA26E7C4-4A01-C61B-F73E-5194BECF0F56}.Release|Any CPU.Build.0 = Release|Any CPU
	EndGlobalSection
	GlobalSection(SolutionProperties) = preSolution
		HideSolutionNode = FALSE
	EndGlobalSection
	GlobalSection(ExtensibilityGlobals) = postSolution
		SolutionGuid = {3F1B486E-B93D-42E7-A994-6E096F725D18}
	EndGlobalSection
EndGlobal
