
Microsoft Visual Studio Solution File, Format Version 12.00
Project("{FAE04EC0-301F-11D3-BF4B-00C04F79EFBC}") = "inf03styczen202101", "inf03styczen202101.csproj", "{9E7BB6C4-57EB-43AD-838A-078E3F14849B}"
EndProject
Global
	GlobalSection(SolutionConfigurationPlatforms) = preSolution
		Debug|Any CPU = Debug|Any CPU
		Release|Any CPU = Release|Any CPU
	EndGlobalSection
	GlobalSection(ProjectConfigurationPlatforms) = postSolution
		{9E7BB6C4-57EB-43AD-838A-078E3F14849B}.Debug|Any CPU.ActiveCfg = Debug|Any CPU
		{9E7BB6C4-57EB-43AD-838A-078E3F14849B}.Debug|Any CPU.Build.0 = Debug|Any CPU
		{9E7BB6C4-57EB-43AD-838A-078E3F14849B}.Release|Any CPU.ActiveCfg = Release|Any CPU
		{9E7BB6C4-57EB-43AD-838A-078E3F14849B}.Release|Any CPU.Build.0 = Release|Any CPU
	EndGlobalSection
EndGlobal
